version = 1
revision = 3
requires-python = ">=3.11"

[[package]]
name = "baml-py"
version = "0.213.0"
source = { registry = "https://pypi.org/simple" }
wheels = [
    { url = "https://files.pythonhosted.org/packages/bb/55/ad9e6681cff5e76cc9ff6ac03bbb8aae27a49a2bc5cd1f217ea4f3958979/baml_py-0.213.0-cp38-abi3-macosx_10_12_x86_64.whl", hash = "sha256:c60633816c9fc6250562414af52cb850ae242e1e6e506fd57c0a04e0c9f73be5", size = 20599963, upload-time = "2025-11-06T07:46:46.259Z" },
    { url = "https://files.pythonhosted.org/packages/0a/e4/3ade8c951c3d660b93c9c42e501e3e39d787e3990c37ad3f77881774d923/baml_py-0.213.0-cp38-abi3-macosx_11_0_arm64.whl", hash = "sha256:949fda7447434f315ece9d25b612a93634da5e472e1bc6604cd95b429fb2e21a", size = 19241058, upload-time = "2025-11-06T07:46:48.969Z" },
    { url = "https://files.pythonhosted.org/packages/28/84/1ce25b3ff83ac3804997e731a33044cdb3c346e0bc2ed682d0908ca0b1be/baml_py-0.213.0-cp38-abi3-manylinux_2_17_x86_64.manylinux2014_x86_64.whl", hash = "sha256:0d779e7ed89842fcb6f347d6fb94ac3d9b468090b550988d54816a5fdaf7df32", size = 23159959, upload-time = "2025-11-06T07:46:50.989Z" },
    { url = "https://files.pythonhosted.org/packages/4a/aa/8b9ff2230decf09463cd7492af017d0ae99135eeb6c07d16438ce8dc619e/baml_py-0.213.0-cp38-abi3-manylinux_2_24_aarch64.whl", hash = "sha256:c8d9d279711c5ac7c3f00f1b703bbade413fdcdca6add55d1cef755a636a78a2", size = 22378347, upload-time = "2025-11-06T07:46:53.399Z" },
    { url = "https://files.pythonhosted.org/packages/74/f6/873cc95ec3ab2884bdf7495abb8b481db8d07d405ebfbd01ed018f04b470/baml_py-0.213.0-cp38-abi3-musllinux_1_1_aarch64.whl", hash = "sha256:ce06507da5b147bb3d9249b23454f07320a8a690ddee3bb1aa5502d4d8c51065", size = 22626895, upload-time = "2025-11-06T07:46:55.264Z" },
    { url = "https://files.pythonhosted.org/packages/db/c1/fec0bf6f694726b6407984c7fdf2730c2b425dece390c676f5f87aa261f9/baml_py-0.213.0-cp38-abi3-musllinux_1_1_x86_64.whl", hash = "sha256:3a231767fef983f0553dd12047e397e4fb2c97dc536cbb06887e7b238cfa240f", size = 23293745, upload-time = "2025-11-06T07:46:57.572Z" },
    { url = "https://files.pythonhosted.org/packages/e3/a4/6a3d79382844d64a065e961851c938d6f276bf19bc02ade64dd75f02fc1b/baml_py-0.213.0-cp38-abi3-win_amd64.whl", hash = "sha256:6732c8e6a7da4d453331015f3fc1c289af00a3bcf2595077034b5351dcc27e88", size = 20347178, upload-time = "2025-11-06T07:46:59.554Z" },
    { url = "https://files.pythonhosted.org/packages/64/06/208fa8989b1fdbca2ec9394bd087cb569f58f25e9c6f7d95336f87110fdb/baml_py-0.213.0-cp38-abi3-win_arm64.whl", hash = "sha256:3b625695f4131769557363f13dae51f1bfb5f1159f8cc0e71154ea039c288ce6", size = 18545733, upload-time = "2025-11-06T07:47:02.741Z" },
]

[[package]]
name = "click"
version = "8.3.1"
source = { registry = "https://pypi.org/simple" }
dependencies = [
    { name = "colorama", marker = "sys_platform == 'win32'" },
]
sdist = { url = "https://files.pythonhosted.org/packages/3d/fa/656b739db8587d7b5dfa22e22ed02566950fbfbcdc20311993483657a5c0/click-8.3.1.tar.gz", hash = "sha256:12ff4785d337a1bb490bb7e9c2b1ee5da3112e94a8622f26a6c77f5d2fc6842a", size = 295065, upload-time = "2025-11-15T20:45:42.706Z" }
wheels = [
    { url = "https://files.pythonhosted.org/packages/98/78/01c019cdb5d6498122777c1a43056ebb3ebfeef2076d9d026bfe15583b2b/click-8.3.1-py3-none-any.whl", hash = "sha256:981153a64e25f12d547d3426c367a4857371575ee7ad18df2a6183ab0545b2a6", size = 108274, upload-time = "2025-11-15T20:45:41.139Z" },
]

[[package]]
name = "colorama"
version = "0.4.6"
source = { registry = "https://pypi.org/simple" }
sdist = { url = "https://files.pythonhosted.org/packages/d8/53/6f443c9a4a8358a93a6792e2acffb9d9d5cb0a5cfd8802644b7b1c9a02e4/colorama-0.4.6.tar.gz", hash = "sha256:08695f5cb7ed6e0531a20572697297273c47b8cae5a63ffc6d6ed5c201be6e44", size = 27697, upload-time = "2022-10-25T02:36:22.414Z" }
wheels = [
    { url = "https://files.pythonhosted.org/packages/d1/d6/3965ed04c63042e047cb6a3e6ed1a63a35087b6a609aa3a15ed8ac56c221/colorama-0.4.6-py2.py3-none-any.whl", hash = "sha256:4f1d9991f5acc0ca119f9d443620b77f9d6b33703e51011c16baf57afb285fc6", size = 25335, upload-time = "2022-10-25T02:36:20.889Z" },
]

[[package]]
name = "hinty"
version = "0.1.0"
source = { virtual = "." }
dependencies = [
    { name = "baml-py" },
    { name = "click" },
    { name = "prompt-toolkit" },
    { name = "rich" },
]

[package.metadata]
requires-dist = [
    { name = "baml-py", specifier = ">=0.213.0" },
    { name = "click", specifier = ">=8.3.1" },
    { name = "prompt-toolkit", specifier = ">=3.0.52" },
    { name = "rich", specifier = ">=14.2.0" },
]

[[package]]
name = "markdown-it-py"
version = "4.0.0"
source = { registry = "https://pypi.org/simple" }
dependencies = [
    { name = "mdurl" },
]
sdist = { url = "https://files.pythonhosted.org/packages/5b/f5/4ec618ed16cc4f8fb3b701563655a69816155e79e24a17b651541804721d/markdown_it_py-4.0.0.tar.gz", hash = "sha256:cb0a2b4aa34f932c007117b194e945bd74e0ec24133ceb5bac59009cda1cb9f3", size = 73070, upload-time = "2025-08-11T12:57:52.854Z" }
wheels = [
    { url = "https://files.pythonhosted.org/packages/94/54/e7d793b573f298e1c9013b8c4dade17d481164aa517d1d7148619c2cedbf/markdown_it_py-4.0.0-py3-none-any.whl", hash = "sha256:87327c59b172c5011896038353a81343b6754500a08cd7a4973bb48c6d578147", size = 87321, upload-time = "2025-08-11T12:57:51.923Z" },
]

[[package]]
name = "mdurl"
version = "0.1.2"
source = { registry = "https://pypi.org/simple" }
sdist = { url = "https://files.pythonhosted.org/packages/d6/54/cfe61301667036ec958cb99bd3efefba235e65cdeb9c84d24a8293ba1d90/mdurl-0.1.2.tar.gz", hash = "sha256:bb413d29f5eea38f31dd4754dd7377d4465116fb207585f97bf925588687c1ba", size = 8729, upload-time = "2022-08-14T12:40:10.846Z" }
wheels = [
    { url = "https://files.pythonhosted.org/packages/b3/38/89ba8ad64ae25be8de66a6d463314cf1eb366222074cfda9ee839c56a4b4/mdurl-0.1.2-py3-none-any.whl", hash = "sha256:84008a41e51615a49fc9966191ff91509e3c40b939176e643fd50a5c2196b8f8", size = 9979, upload-time = "2022-08-14T12:40:09.779Z" },
]

[[package]]
name = "prompt-toolkit"
version = "3.0.52"
source = { registry = "https://pypi.org/simple" }
dependencies = [
    { name = "wcwidth" },
]
sdist = { url = "https://files.pythonhosted.org/packages/a1/96/06e01a7b38dce6fe1db213e061a4602dd6032a8a97ef6c1a862537732421/prompt_toolkit-3.0.52.tar.gz", hash = "sha256:28cde192929c8e7321de85de1ddbe736f1375148b02f2e17edd840042b1be855", size = 434198, upload-time = "2025-08-27T15:24:02.057Z" }
wheels = [
    { url = "https://files.pythonhosted.org/packages/84/03/0d3ce49e2505ae70cf43bc5bb3033955d2fc9f932163e84dc0779cc47f48/prompt_toolkit-3.0.52-py3-none-any.whl", hash = "sha256:9aac639a3bbd33284347de5ad8d68ecc044b91a762dc39b7c21095fcd6a19955", size = 391431, upload-time = "2025-08-27T15:23:59.498Z" },
]

[[package]]
name = "pygments"
version = "2.19.2"
source = { registry = "https://pypi.org/simple" }
sdist = { url = "https://files.pythonhosted.org/packages/b0/77/a5b8c569bf593b0140bde72ea885a803b82086995367bf2037de0159d924/pygments-2.19.2.tar.gz", hash = "sha256:636cb2477cec7f8952536970bc533bc43743542f70392ae026374600add5b887", size = 4968631, upload-time = "2025-06-21T13:39:12.283Z" }
wheels = [
    { url = "https://files.pythonhosted.org/packages/c7/21/705964c7812476f378728bdf590ca4b771ec72385c533964653c68e86bdc/pygments-2.19.2-py3-none-any.whl", hash = "sha256:86540386c03d588bb81d44bc3928634ff26449851e99741617ecb9037ee5ec0b", size = 1225217, upload-time = "2025-06-21T13:39:07.939Z" },
]

[[package]]
name = "rich"
version = "14.2.0"
source = { registry = "https://pypi.org/simple" }
dependencies = [
    { name = "markdown-it-py" },
    { name = "pygments" },
]
sdist = { url = "https://files.pythonhosted.org/packages/fb/d2/8920e102050a0de7bfabeb4c4614a49248cf8d5d7a8d01885fbb24dc767a/rich-14.2.0.tar.gz", hash = "sha256:73ff50c7c0c1c77c8243079283f4edb376f0f6442433aecb8ce7e6d0b92d1fe4", size = 219990, upload-time = "2025-10-09T14:16:53.064Z" }
wheels = [
    { url = "https://files.pythonhosted.org/packages/25/7a/b0178788f8dc6cafce37a212c99565fa1fe7872c70c6c9c1e1a372d9d88f/rich-14.2.0-py3-none-any.whl", hash = "sha256:76bc51fe2e57d2b1be1f96c524b890b816e334ab4c1e45888799bfaab0021edd", size = 243393, upload-time = "2025-10-09T14:16:51.245Z" },
]

[[package]]
name = "wcwidth"
version = "0.2.14"
source = { registry = "https://pypi.org/simple" }
sdist = { url = "https://files.pythonhosted.org/packages/24/30/6b0809f4510673dc723187aeaf24c7f5459922d01e2f794277a3dfb90345/wcwidth-0.2.14.tar.gz", hash = "sha256:4d478375d31bc5395a3c55c40ccdf3354688364cd61c4f6adacaa9215d0b3605", size = 102293, upload-time = "2025-09-22T16:29:53.023Z" }
wheels = [
    { url = "https://files.pythonhosted.org/packages/af/b5/123f13c975e9f27ab9c0770f514345bd406d0e8d3b7a0723af9d43f710af/wcwidth-0.2.14-py2.py3-none-any.whl", hash = "sha256:a7bb560c8aee30f9957e5f9895805edd20602f2d7f720186dfd906e82b4982e1", size = 37286, upload-time = "2025-09-22T16:29:51.641Z" },
]
